// !$*UTF8*$!
{
	archiveVersion = 1;
	classes = {
	};
	objectVersion = 45;
	objects = {

/* Begin PBXBuildFile section */
		8B3096C51386662300EE9727 /* CWSearchBar.h in Headers */ = {isa = PBXBuildFile; fileRef = 8B3096C11386662300EE9727 /* CWSearchBar.h */; };
		8B3096C61386662300EE9727 /* CWSearchBar.m in Sources */ = {isa = PBXBuildFile; fileRef = 8B3096C21386662300EE9727 /* CWSearchBar.m */; };
		8B3096C71386662300EE9727 /* CWTextField.h in Headers */ = {isa = PBXBuildFile; fileRef = 8B3096C31386662300EE9727 /* CWTextField.h */; };
		8B3096C81386662300EE9727 /* CWTextField.m in Sources */ = {isa = PBXBuildFile; fileRef = 8B3096C41386662300EE9727 /* CWTextField.m */; };
		8B85D06F138D099A000B6C1F /* input_field_extendable.png in Resources */ = {isa = PBXBuildFile; fileRef = 8B85D06E138D099A000B6C1F /* input_field_extendable.png */; };
		A6108457136ED4E900D42782 /* CWGeometry.h in Headers */ = {isa = PBXBuildFile; fileRef = A610844E136ED4E900D42782 /* CWGeometry.h */; };
		A6108458136ED4E900D42782 /* UIColor+CWAdditions.h in Headers */ = {isa = PBXBuildFile; fileRef = A610844F136ED4E900D42782 /* UIColor+CWAdditions.h */; };
		A6108459136ED4E900D42782 /* UIColor+CWAdditions.m in Sources */ = {isa = PBXBuildFile; fileRef = A6108450136ED4E900D42782 /* UIColor+CWAdditions.m */; };
		A610845E136ED4E900D42782 /* UIView+CWVisualCue.h in Headers */ = {isa = PBXBuildFile; fileRef = A6108455136ED4E900D42782 /* UIView+CWVisualCue.h */; };
		A610845F136ED4E900D42782 /* UIView+CWVisualCue.m in Sources */ = {isa = PBXBuildFile; fileRef = A6108456136ED4E900D42782 /* UIView+CWVisualCue.m */; };
		A610846A136ED5FA00D42782 /* flash.png in Resources */ = {isa = PBXBuildFile; fileRef = A6108469136ED5FA00D42782 /* flash.png */; };
		A65D9B5F137BC3EA007D25A0 /* CWStyledSegmentedControl.h in Headers */ = {isa = PBXBuildFile; fileRef = A65D9B5D137BC3EA007D25A0 /* CWStyledSegmentedControl.h */; };
		A65D9B60137BC3EA007D25A0 /* CWStyledSegmentedControl.m in Sources */ = {isa = PBXBuildFile; fileRef = A65D9B5E137BC3EA007D25A0 /* CWStyledSegmentedControl.m */; };
		A65D9B68137BC65A007D25A0 /* UIBarButtonItem+CWAdditions.h in Headers */ = {isa = PBXBuildFile; fileRef = A65D9B66137BC65A007D25A0 /* UIBarButtonItem+CWAdditions.h */; };
		A65D9B69137BC65A007D25A0 /* UIBarButtonItem+CWAdditions.m in Sources */ = {isa = PBXBuildFile; fileRef = A65D9B67137BC65A007D25A0 /* UIBarButtonItem+CWAdditions.m */; };
		A65D9B7F137BCDC8007D25A0 /* UIButton+CWAdditions.h in Headers */ = {isa = PBXBuildFile; fileRef = A65D9B7D137BCDC8007D25A0 /* UIButton+CWAdditions.h */; };
		A65D9B80137BCDC8007D25A0 /* UIButton+CWAdditions.m in Sources */ = {isa = PBXBuildFile; fileRef = A65D9B7E137BCDC8007D25A0 /* UIButton+CWAdditions.m */; };
		A65D9B85137BCF32007D25A0 /* delete_button_highlighted.png in Resources */ = {isa = PBXBuildFile; fileRef = A65D9B81137BCF32007D25A0 /* delete_button_highlighted.png */; };
		A65D9B86137BCF32007D25A0 /* delete_button_highlighted@2x.png in Resources */ = {isa = PBXBuildFile; fileRef = A65D9B82137BCF32007D25A0 /* delete_button_highlighted@2x.png */; };
		A65D9B87137BCF32007D25A0 /* delete_button.png in Resources */ = {isa = PBXBuildFile; fileRef = A65D9B83137BCF32007D25A0 /* delete_button.png */; };
		A65D9B88137BCF32007D25A0 /* delete_button@2x.png in Resources */ = {isa = PBXBuildFile; fileRef = A65D9B84137BCF32007D25A0 /* delete_button@2x.png */; };
		A65D9BE5137BD56B007D25A0 /* bar_button_highlighted.png in Resources */ = {isa = PBXBuildFile; fileRef = A65D9BE1137BD56B007D25A0 /* bar_button_highlighted.png */; };
		A65D9BE6137BD56B007D25A0 /* bar_button_highlighted@2x.png in Resources */ = {isa = PBXBuildFile; fileRef = A65D9BE2137BD56B007D25A0 /* bar_button_highlighted@2x.png */; };
		A65D9BE7137BD56B007D25A0 /* bar_button.png in Resources */ = {isa = PBXBuildFile; fileRef = A65D9BE3137BD56B007D25A0 /* bar_button.png */; };
		A65D9BE8137BD56C007D25A0 /* bar_button@2x.png in Resources */ = {isa = PBXBuildFile; fileRef = A65D9BE4137BD56B007D25A0 /* bar_button@2x.png */; };
		A65D9C07137BD9E3007D25A0 /* CWBackgroundBars.h in Headers */ = {isa = PBXBuildFile; fileRef = A65D9C05137BD9E3007D25A0 /* CWBackgroundBars.h */; };
		A65D9C08137BD9E3007D25A0 /* CWBackgroundBars.m in Sources */ = {isa = PBXBuildFile; fileRef = A65D9C06137BD9E3007D25A0 /* CWBackgroundBars.m */; };
		A6A42D56136988B00051E0C7 /* OpenGLES.framework in Frameworks */ = {isa = PBXBuildFile; fileRef = A6A42D55136988B00051E0C7 /* OpenGLES.framework */; };
		A6A97543136ABCA50065D9BE /* CWUIKit.h in Headers */ = {isa = PBXBuildFile; fileRef = A6A97542136ABCA50065D9BE /* CWUIKit.h */; };
		A6A975D3136AC3A50065D9BE /* OpenGLES.framework in Frameworks */ = {isa = PBXBuildFile; fileRef = A6A42D55136988B00051E0C7 /* OpenGLES.framework */; };
		A6DAA6A21383E36000518CC8 /* CWColumnTableView.h in Headers */ = {isa = PBXBuildFile; fileRef = A6DAA69C1383E36000518CC8 /* CWColumnTableView.h */; };
		A6DAA6A31383E36000518CC8 /* CWColumnTableView.m in Sources */ = {isa = PBXBuildFile; fileRef = A6DAA69D1383E36000518CC8 /* CWColumnTableView.m */; };
		A6DAA6A41383E36000518CC8 /* CWColumnTableViewCell.h in Headers */ = {isa = PBXBuildFile; fileRef = A6DAA69E1383E36000518CC8 /* CWColumnTableViewCell.h */; };
		A6DAA6A51383E36000518CC8 /* CWColumnTableViewCell.m in Sources */ = {isa = PBXBuildFile; fileRef = A6DAA69F1383E36000518CC8 /* CWColumnTableViewCell.m */; };
		A6DAA6A61383E36000518CC8 /* CWTableViewCellBackgroundView.h in Headers */ = {isa = PBXBuildFile; fileRef = A6DAA6A01383E36000518CC8 /* CWTableViewCellBackgroundView.h */; };
		A6DAA6A71383E36000518CC8 /* CWTableViewCellBackgroundView.m in Sources */ = {isa = PBXBuildFile; fileRef = A6DAA6A11383E36000518CC8 /* CWTableViewCellBackgroundView.m */; };
		A6DAA6E11383E48C00518CC8 /* ColumnTableViewController.m in Sources */ = {isa = PBXBuildFile; fileRef = A6DAA6DB1383E48C00518CC8 /* ColumnTableViewController.m */; };
		A6DAA6E31383E48C00518CC8 /* main.m in Sources */ = {isa = PBXBuildFile; fileRef = A6DAA6DD1383E48C00518CC8 /* main.m */; };
		A6DAA6E41383E48C00518CC8 /* MainWindow.xib in Resources */ = {isa = PBXBuildFile; fileRef = A6DAA6DE1383E48C00518CC8 /* MainWindow.xib */; };
		A6DAA6E51383E48C00518CC8 /* SampleAppAppDelegate.m in Sources */ = {isa = PBXBuildFile; fileRef = A6DAA6E01383E48C00518CC8 /* SampleAppAppDelegate.m */; };
		A6DAA6EA1383E52700518CC8 /* libCWUIKit.a in Frameworks */ = {isa = PBXBuildFile; fileRef = D2AAC07E0554694100DB518D /* libCWUIKit.a */; };
		A6DAA7D41383E53000518CC8 /* OpenGLES.framework in Frameworks */ = {isa = PBXBuildFile; fileRef = A6A42D55136988B00051E0C7 /* OpenGLES.framework */; };
		A6DAA7D51383E53000518CC8 /* Foundation.framework in Frameworks */ = {isa = PBXBuildFile; fileRef = AACBBE490F95108600F1A2B1 /* Foundation.framework */; };
		A6DAA7D61383E53000518CC8 /* CoreGraphics.framework in Frameworks */ = {isa = PBXBuildFile; fileRef = A6ED9127136947C4002DCEE4 /* CoreGraphics.framework */; };
		A6DAA7D71383E53000518CC8 /* QuartzCore.framework in Frameworks */ = {isa = PBXBuildFile; fileRef = A6ED9129136947C4002DCEE4 /* QuartzCore.framework */; };
		A6DAA7D81383E53000518CC8 /* UIKit.framework in Frameworks */ = {isa = PBXBuildFile; fileRef = A6ED912B136947C4002DCEE4 /* UIKit.framework */; };
		A6DAAB1E13853C5800518CC8 /* UIApplication+CWAdditions.h in Headers */ = {isa = PBXBuildFile; fileRef = A6DAAB1C13853C5800518CC8 /* UIApplication+CWAdditions.h */; };
		A6DAAB1F13853C5800518CC8 /* UIApplication+CWAdditions.m in Sources */ = {isa = PBXBuildFile; fileRef = A6DAAB1D13853C5800518CC8 /* UIApplication+CWAdditions.m */; };
		A6ED9128136947C4002DCEE4 /* CoreGraphics.framework in Frameworks */ = {isa = PBXBuildFile; fileRef = A6ED9127136947C4002DCEE4 /* CoreGraphics.framework */; settings = {ATTRIBUTES = (Required, ); }; };
		A6ED912A136947C4002DCEE4 /* QuartzCore.framework in Frameworks */ = {isa = PBXBuildFile; fileRef = A6ED9129136947C4002DCEE4 /* QuartzCore.framework */; };
		A6ED912C136947C4002DCEE4 /* UIKit.framework in Frameworks */ = {isa = PBXBuildFile; fileRef = A6ED912B136947C4002DCEE4 /* UIKit.framework */; };
		A6ED9285136959B3002DCEE4 /* libCWFoundation.a in Frameworks */ = {isa = PBXBuildFile; fileRef = A6ED9282136959A8002DCEE4 /* libCWFoundation.a */; settings = {ATTRIBUTES = (Weak, ); }; };
		A6ED929A13695A14002DCEE4 /* CWAuxiliaryAction.h in Headers */ = {isa = PBXBuildFile; fileRef = A6ED928813695A14002DCEE4 /* CWAuxiliaryAction.h */; };
		A6ED929B13695A14002DCEE4 /* CWAuxiliaryAction.m in Sources */ = {isa = PBXBuildFile; fileRef = A6ED928913695A14002DCEE4 /* CWAuxiliaryAction.m */; };
		A6ED929C13695A14002DCEE4 /* CWCalloutView.h in Headers */ = {isa = PBXBuildFile; fileRef = A6ED928A13695A14002DCEE4 /* CWCalloutView.h */; };
		A6ED929D13695A14002DCEE4 /* CWCalloutView.m in Sources */ = {isa = PBXBuildFile; fileRef = A6ED928B13695A14002DCEE4 /* CWCalloutView.m */; };
		A6ED929E13695A14002DCEE4 /* CWLinearLayoutView.h in Headers */ = {isa = PBXBuildFile; fileRef = A6ED928C13695A14002DCEE4 /* CWLinearLayoutView.h */; };
		A6ED929F13695A14002DCEE4 /* CWLinearLayoutView.m in Sources */ = {isa = PBXBuildFile; fileRef = A6ED928D13695A14002DCEE4 /* CWLinearLayoutView.m */; };
		A6ED92A013695A14002DCEE4 /* CWPrimaryViewWindow.h in Headers */ = {isa = PBXBuildFile; fileRef = A6ED928E13695A14002DCEE4 /* CWPrimaryViewWindow.h */; };
		A6ED92A113695A14002DCEE4 /* CWPrimaryViewWindow.m in Sources */ = {isa = PBXBuildFile; fileRef = A6ED928F13695A14002DCEE4 /* CWPrimaryViewWindow.m */; };
		A6ED92A213695A14002DCEE4 /* NSObject+CWNibLocalizations.h in Headers */ = {isa = PBXBuildFile; fileRef = A6ED929013695A14002DCEE4 /* NSObject+CWNibLocalizations.h */; };
		A6ED92A313695A14002DCEE4 /* NSObject+CWNibLocalizations.m in Sources */ = {isa = PBXBuildFile; fileRef = A6ED929113695A14002DCEE4 /* NSObject+CWNibLocalizations.m */; };
		A6ED92A413695A14002DCEE4 /* UIAlertView+CWErrorHandler.h in Headers */ = {isa = PBXBuildFile; fileRef = A6ED929213695A14002DCEE4 /* UIAlertView+CWErrorHandler.h */; };
		A6ED92A513695A14002DCEE4 /* UIAlertView+CWErrorHandler.m in Sources */ = {isa = PBXBuildFile; fileRef = A6ED929313695A14002DCEE4 /* UIAlertView+CWErrorHandler.m */; };
		A6ED92A613695A14002DCEE4 /* UIDevice+CWCapabilities.h in Headers */ = {isa = PBXBuildFile; fileRef = A6ED929413695A14002DCEE4 /* UIDevice+CWCapabilities.h */; };
		A6ED92A713695A14002DCEE4 /* UIDevice+CWCapabilities.m in Sources */ = {isa = PBXBuildFile; fileRef = A6ED929513695A14002DCEE4 /* UIDevice+CWCapabilities.m */; };
		A6ED92A813695A14002DCEE4 /* UIImage+CWAdditions.h in Headers */ = {isa = PBXBuildFile; fileRef = A6ED929613695A14002DCEE4 /* UIImage+CWAdditions.h */; };
		A6ED92A913695A14002DCEE4 /* UIImage+CWAdditions.m in Sources */ = {isa = PBXBuildFile; fileRef = A6ED929713695A14002DCEE4 /* UIImage+CWAdditions.m */; };
		A6ED92AA13695A14002DCEE4 /* UIViewController+CWPopover.h in Headers */ = {isa = PBXBuildFile; fileRef = A6ED929813695A14002DCEE4 /* UIViewController+CWPopover.h */; };
		A6ED92AB13695A14002DCEE4 /* UIViewController+CWPopover.m in Sources */ = {isa = PBXBuildFile; fileRef = A6ED929913695A14002DCEE4 /* UIViewController+CWPopover.m */; };
		A6ED92B313695A2A002DCEE4 /* SampleAppAppDelegate.h in Headers */ = {isa = PBXBuildFile; fileRef = A6ED92B013695A2A002DCEE4 /* SampleAppAppDelegate.h */; };
		A6ED92BF13695A73002DCEE4 /* main.m in Sources */ = {isa = PBXBuildFile; fileRef = A6ED92AE13695A2A002DCEE4 /* main.m */; };
		A6ED92C013695A73002DCEE4 /* SampleAppAppDelegate.m in Sources */ = {isa = PBXBuildFile; fileRef = A6ED92B113695A2A002DCEE4 /* SampleAppAppDelegate.m */; };
		A6ED92C113695A78002DCEE4 /* MainWindow.xib in Resources */ = {isa = PBXBuildFile; fileRef = A6ED92AF13695A2A002DCEE4 /* MainWindow.xib */; };
		A6ED92C413695A97002DCEE4 /* libCWUIKit.a in Frameworks */ = {isa = PBXBuildFile; fileRef = D2AAC07E0554694100DB518D /* libCWUIKit.a */; };
		A6ED92C513695AA4002DCEE4 /* Foundation.framework in Frameworks */ = {isa = PBXBuildFile; fileRef = AACBBE490F95108600F1A2B1 /* Foundation.framework */; };
		A6ED92C613695AA4002DCEE4 /* CoreGraphics.framework in Frameworks */ = {isa = PBXBuildFile; fileRef = A6ED9127136947C4002DCEE4 /* CoreGraphics.framework */; };
		A6ED92C713695AA4002DCEE4 /* QuartzCore.framework in Frameworks */ = {isa = PBXBuildFile; fileRef = A6ED9129136947C4002DCEE4 /* QuartzCore.framework */; };
		A6ED92C813695AA4002DCEE4 /* UIKit.framework in Frameworks */ = {isa = PBXBuildFile; fileRef = A6ED912B136947C4002DCEE4 /* UIKit.framework */; };
		A6ED92FD13695C75002DCEE4 /* CWUIKitResources.bundle in Resources */ = {isa = PBXBuildFile; fileRef = A6ED92ED13695BD3002DCEE4 /* CWUIKitResources.bundle */; };
		A6ED932013695CF9002DCEE4 /* calloutview_left.png in Resources */ = {isa = PBXBuildFile; fileRef = A6ED92F513695C35002DCEE4 /* calloutview_left.png */; };
		A6ED932113695CF9002DCEE4 /* calloutview_left@2x.png in Resources */ = {isa = PBXBuildFile; fileRef = A6ED92F613695C35002DCEE4 /* calloutview_left@2x.png */; };
		A6ED932213695CF9002DCEE4 /* calloutview_middle.png in Resources */ = {isa = PBXBuildFile; fileRef = A6ED92F713695C35002DCEE4 /* calloutview_middle.png */; };
		A6ED932313695CF9002DCEE4 /* calloutview_middle@2x.png in Resources */ = {isa = PBXBuildFile; fileRef = A6ED92F813695C35002DCEE4 /* calloutview_middle@2x.png */; };
		A6ED932413695CF9002DCEE4 /* calloutview_right.png in Resources */ = {isa = PBXBuildFile; fileRef = A6ED92F913695C35002DCEE4 /* calloutview_right.png */; };
		A6ED932513695CF9002DCEE4 /* calloutview_right@2x.png in Resources */ = {isa = PBXBuildFile; fileRef = A6ED92FA13695C35002DCEE4 /* calloutview_right@2x.png */; };
		A6FF9FA21369A3FD0083F2EC /* UIActionSheet+AuxiliaryAction.m in Sources */ = {isa = PBXBuildFile; fileRef = A6FF9FA01369A3FD0083F2EC /* UIActionSheet+AuxiliaryAction.m */; };
		A6FF9FA31369A3FD0083F2EC /* UIAlertView+AuxiliaryAction.m in Sources */ = {isa = PBXBuildFile; fileRef = A6FF9FA11369A3FD0083F2EC /* UIAlertView+AuxiliaryAction.m */; };
		AACBBE4A0F95108600F1A2B1 /* Foundation.framework in Frameworks */ = {isa = PBXBuildFile; fileRef = AACBBE490F95108600F1A2B1 /* Foundation.framework */; settings = {ATTRIBUTES = (Required, ); }; };
/* End PBXBuildFile section */

/* Begin PBXContainerItemProxy section */
		A610842F136ED42300D42782 /* PBXContainerItemProxy */ = {
			isa = PBXContainerItemProxy;
			containerPortal = A6ED9279136959A8002DCEE4 /* CWFoundation.xcodeproj */;
			proxyType = 2;
			remoteGlobalIDString = A6B254EE136BF9E700D5F57F;
			remoteInfo = CWNetworkMonitor;
		};
		A6A973141369B7150065D9BE /* PBXContainerItemProxy */ = {
			isa = PBXContainerItemProxy;
			containerPortal = A6ED9279136959A8002DCEE4 /* CWFoundation.xcodeproj */;
			proxyType = 2;
			remoteGlobalIDString = A6A971981369B2D80065D9BE;
			remoteInfo = NetworkMonitorSampleApp;
		};
		A6A973161369B7150065D9BE /* PBXContainerItemProxy */ = {
			isa = PBXContainerItemProxy;
			containerPortal = A6ED9279136959A8002DCEE4 /* CWFoundation.xcodeproj */;
			proxyType = 2;
			remoteGlobalIDString = A6A971C41369B3C90065D9BE;
			remoteInfo = XMLTranslatorSampleApp;
		};
		A6DAA6E81383E51700518CC8 /* PBXContainerItemProxy */ = {
			isa = PBXContainerItemProxy;
			containerPortal = 0867D690FE84028FC02AAC07 /* Project object */;
			proxyType = 1;
			remoteGlobalIDString = D2AAC07D0554694100DB518D;
			remoteInfo = CWUIKit;
		};
		A6ED9281136959A8002DCEE4 /* PBXContainerItemProxy */ = {
			isa = PBXContainerItemProxy;
			containerPortal = A6ED9279136959A8002DCEE4 /* CWFoundation.xcodeproj */;
			proxyType = 2;
			remoteGlobalIDString = D2AAC07E0554694100DB518D;
			remoteInfo = CWFoundation;
		};
		A6ED9283136959A8002DCEE4 /* PBXContainerItemProxy */ = {
			isa = PBXContainerItemProxy;
			containerPortal = A6ED9279136959A8002DCEE4 /* CWFoundation.xcodeproj */;
			proxyType = 2;
			remoteGlobalIDString = A6ED914F13694AD8002DCEE4;
			remoteInfo = UnitTests;
		};
		A6ED9286136959BB002DCEE4 /* PBXContainerItemProxy */ = {
			isa = PBXContainerItemProxy;
			containerPortal = A6ED9279136959A8002DCEE4 /* CWFoundation.xcodeproj */;
			proxyType = 1;
			remoteGlobalIDString = D2AAC07D0554694100DB518D;
			remoteInfo = CWFoundation;
		};
		A6ED92C213695A85002DCEE4 /* PBXContainerItemProxy */ = {
			isa = PBXContainerItemProxy;
			containerPortal = 0867D690FE84028FC02AAC07 /* Project object */;
			proxyType = 1;
			remoteGlobalIDString = D2AAC07D0554694100DB518D;
			remoteInfo = CWUIKit;
		};
		A6ED92FB13695C69002DCEE4 /* PBXContainerItemProxy */ = {
			isa = PBXContainerItemProxy;
			containerPortal = 0867D690FE84028FC02AAC07 /* Project object */;
			proxyType = 1;
			remoteGlobalIDString = A6ED92EC13695BD3002DCEE4;
			remoteInfo = CWUIKitResources;
		};
/* End PBXContainerItemProxy section */

/* Begin PBXFileReference section */
		8B3096C11386662300EE9727 /* CWSearchBar.h */ = {isa = PBXFileReference; fileEncoding = 4; lastKnownFileType = sourcecode.c.h; name = CWSearchBar.h; path = Classes/CWSearchBar.h; sourceTree = "<group>"; };
		8B3096C21386662300EE9727 /* CWSearchBar.m */ = {isa = PBXFileReference; fileEncoding = 4; lastKnownFileType = sourcecode.c.objc; name = CWSearchBar.m; path = Classes/CWSearchBar.m; sourceTree = "<group>"; };
		8B3096C31386662300EE9727 /* CWTextField.h */ = {isa = PBXFileReference; fileEncoding = 4; lastKnownFileType = sourcecode.c.h; name = CWTextField.h; path = Classes/CWTextField.h; sourceTree = "<group>"; };
		8B3096C41386662300EE9727 /* CWTextField.m */ = {isa = PBXFileReference; fileEncoding = 4; lastKnownFileType = sourcecode.c.objc; name = CWTextField.m; path = Classes/CWTextField.m; sourceTree = "<group>"; };
		8B85D06E138D099A000B6C1F /* input_field_extendable.png */ = {isa = PBXFileReference; lastKnownFileType = image.png; name = input_field_extendable.png; path = Resources/input_field_extendable.png; sourceTree = "<group>"; };
		A610844E136ED4E900D42782 /* CWGeometry.h */ = {isa = PBXFileReference; fileEncoding = 5; lastKnownFileType = sourcecode.c.h; name = CWGeometry.h; path = Classes/CWGeometry.h; sourceTree = "<group>"; };
		A610844F136ED4E900D42782 /* UIColor+CWAdditions.h */ = {isa = PBXFileReference; fileEncoding = 5; lastKnownFileType = sourcecode.c.h; name = "UIColor+CWAdditions.h"; path = "Classes/UIColor+CWAdditions.h"; sourceTree = "<group>"; };
		A6108450136ED4E900D42782 /* UIColor+CWAdditions.m */ = {isa = PBXFileReference; fileEncoding = 5; lastKnownFileType = sourcecode.c.objc; name = "UIColor+CWAdditions.m"; path = "Classes/UIColor+CWAdditions.m"; sourceTree = "<group>"; };
		A6108455136ED4E900D42782 /* UIView+CWVisualCue.h */ = {isa = PBXFileReference; fileEncoding = 5; lastKnownFileType = sourcecode.c.h; name = "UIView+CWVisualCue.h"; path = "Classes/UIView+CWVisualCue.h"; sourceTree = "<group>"; };
		A6108456136ED4E900D42782 /* UIView+CWVisualCue.m */ = {isa = PBXFileReference; fileEncoding = 5; lastKnownFileType = sourcecode.c.objc; name = "UIView+CWVisualCue.m"; path = "Classes/UIView+CWVisualCue.m"; sourceTree = "<group>"; };
		A6108469136ED5FA00D42782 /* flash.png */ = {isa = PBXFileReference; lastKnownFileType = image.png; name = flash.png; path = Resources/flash.png; sourceTree = "<group>"; };
		A65D9B5D137BC3EA007D25A0 /* CWStyledSegmentedControl.h */ = {isa = PBXFileReference; fileEncoding = 5; lastKnownFileType = sourcecode.c.h; name = CWStyledSegmentedControl.h; path = Classes/CWStyledSegmentedControl.h; sourceTree = "<group>"; };
		A65D9B5E137BC3EA007D25A0 /* CWStyledSegmentedControl.m */ = {isa = PBXFileReference; fileEncoding = 5; lastKnownFileType = sourcecode.c.objc; name = CWStyledSegmentedControl.m; path = Classes/CWStyledSegmentedControl.m; sourceTree = "<group>"; };
		A65D9B66137BC65A007D25A0 /* UIBarButtonItem+CWAdditions.h */ = {isa = PBXFileReference; fileEncoding = 4; lastKnownFileType = sourcecode.c.h; name = "UIBarButtonItem+CWAdditions.h"; path = "Classes/UIBarButtonItem+CWAdditions.h"; sourceTree = "<group>"; };
		A65D9B67137BC65A007D25A0 /* UIBarButtonItem+CWAdditions.m */ = {isa = PBXFileReference; fileEncoding = 4; lastKnownFileType = sourcecode.c.objc; name = "UIBarButtonItem+CWAdditions.m"; path = "Classes/UIBarButtonItem+CWAdditions.m"; sourceTree = "<group>"; };
		A65D9B7D137BCDC8007D25A0 /* UIButton+CWAdditions.h */ = {isa = PBXFileReference; fileEncoding = 4; lastKnownFileType = sourcecode.c.h; name = "UIButton+CWAdditions.h"; path = "Classes/UIButton+CWAdditions.h"; sourceTree = "<group>"; };
		A65D9B7E137BCDC8007D25A0 /* UIButton+CWAdditions.m */ = {isa = PBXFileReference; fileEncoding = 4; lastKnownFileType = sourcecode.c.objc; name = "UIButton+CWAdditions.m"; path = "Classes/UIButton+CWAdditions.m"; sourceTree = "<group>"; };
		A65D9B81137BCF32007D25A0 /* delete_button_highlighted.png */ = {isa = PBXFileReference; lastKnownFileType = image.png; name = delete_button_highlighted.png; path = Resources/delete_button_highlighted.png; sourceTree = "<group>"; };
		A65D9B82137BCF32007D25A0 /* delete_button_highlighted@2x.png */ = {isa = PBXFileReference; lastKnownFileType = image.png; name = "delete_button_highlighted@2x.png"; path = "Resources/delete_button_highlighted@2x.png"; sourceTree = "<group>"; };
		A65D9B83137BCF32007D25A0 /* delete_button.png */ = {isa = PBXFileReference; lastKnownFileType = image.png; name = delete_button.png; path = Resources/delete_button.png; sourceTree = "<group>"; };
		A65D9B84137BCF32007D25A0 /* delete_button@2x.png */ = {isa = PBXFileReference; lastKnownFileType = image.png; name = "delete_button@2x.png"; path = "Resources/delete_button@2x.png"; sourceTree = "<group>"; };
		A65D9BE1137BD56B007D25A0 /* bar_button_highlighted.png */ = {isa = PBXFileReference; lastKnownFileType = image.png; name = bar_button_highlighted.png; path = Resources/bar_button_highlighted.png; sourceTree = "<group>"; };
		A65D9BE2137BD56B007D25A0 /* bar_button_highlighted@2x.png */ = {isa = PBXFileReference; lastKnownFileType = image.png; name = "bar_button_highlighted@2x.png"; path = "Resources/bar_button_highlighted@2x.png"; sourceTree = "<group>"; };
		A65D9BE3137BD56B007D25A0 /* bar_button.png */ = {isa = PBXFileReference; lastKnownFileType = image.png; name = bar_button.png; path = Resources/bar_button.png; sourceTree = "<group>"; };
		A65D9BE4137BD56B007D25A0 /* bar_button@2x.png */ = {isa = PBXFileReference; lastKnownFileType = image.png; name = "bar_button@2x.png"; path = "Resources/bar_button@2x.png"; sourceTree = "<group>"; };
		A65D9C05137BD9E3007D25A0 /* CWBackgroundBars.h */ = {isa = PBXFileReference; fileEncoding = 5; lastKnownFileType = sourcecode.c.h; name = CWBackgroundBars.h; path = Classes/CWBackgroundBars.h; sourceTree = "<group>"; };
		A65D9C06137BD9E3007D25A0 /* CWBackgroundBars.m */ = {isa = PBXFileReference; fileEncoding = 5; lastKnownFileType = sourcecode.c.objc; name = CWBackgroundBars.m; path = Classes/CWBackgroundBars.m; sourceTree = "<group>"; };
		A6A42D55136988B00051E0C7 /* OpenGLES.framework */ = {isa = PBXFileReference; lastKnownFileType = wrapper.framework; name = OpenGLES.framework; path = System/Library/Frameworks/OpenGLES.framework; sourceTree = SDKROOT; };
		A6A97542136ABCA50065D9BE /* CWUIKit.h */ = {isa = PBXFileReference; fileEncoding = 4; lastKnownFileType = sourcecode.c.h; name = CWUIKit.h; path = Classes/CWUIKit.h; sourceTree = "<group>"; };
		A6DAA69C1383E36000518CC8 /* CWColumnTableView.h */ = {isa = PBXFileReference; fileEncoding = 5; lastKnownFileType = sourcecode.c.h; name = CWColumnTableView.h; path = Classes/CWColumnTableView.h; sourceTree = "<group>"; };
		A6DAA69D1383E36000518CC8 /* CWColumnTableView.m */ = {isa = PBXFileReference; fileEncoding = 5; lastKnownFileType = sourcecode.c.objc; name = CWColumnTableView.m; path = Classes/CWColumnTableView.m; sourceTree = "<group>"; };
		A6DAA69E1383E36000518CC8 /* CWColumnTableViewCell.h */ = {isa = PBXFileReference; fileEncoding = 5; lastKnownFileType = sourcecode.c.h; name = CWColumnTableViewCell.h; path = Classes/CWColumnTableViewCell.h; sourceTree = "<group>"; };
		A6DAA69F1383E36000518CC8 /* CWColumnTableViewCell.m */ = {isa = PBXFileReference; fileEncoding = 5; lastKnownFileType = sourcecode.c.objc; name = CWColumnTableViewCell.m; path = Classes/CWColumnTableViewCell.m; sourceTree = "<group>"; };
		A6DAA6A01383E36000518CC8 /* CWTableViewCellBackgroundView.h */ = {isa = PBXFileReference; fileEncoding = 5; lastKnownFileType = sourcecode.c.h; name = CWTableViewCellBackgroundView.h; path = Classes/CWTableViewCellBackgroundView.h; sourceTree = "<group>"; };
		A6DAA6A11383E36000518CC8 /* CWTableViewCellBackgroundView.m */ = {isa = PBXFileReference; fileEncoding = 5; lastKnownFileType = sourcecode.c.objc; name = CWTableViewCellBackgroundView.m; path = Classes/CWTableViewCellBackgroundView.m; sourceTree = "<group>"; };
		A6DAA6BE1383E40F00518CC8 /* ColumnTableViewSampleApp.app */ = {isa = PBXFileReference; explicitFileType = wrapper.application; includeInIndex = 0; path = ColumnTableViewSampleApp.app; sourceTree = BUILT_PRODUCTS_DIR; };
		A6DAA6DA1383E48C00518CC8 /* ColumnTableViewController.h */ = {isa = PBXFileReference; fileEncoding = 5; lastKnownFileType = sourcecode.c.h; path = ColumnTableViewController.h; sourceTree = "<group>"; };
		A6DAA6DB1383E48C00518CC8 /* ColumnTableViewController.m */ = {isa = PBXFileReference; fileEncoding = 5; lastKnownFileType = sourcecode.c.objc; path = ColumnTableViewController.m; sourceTree = "<group>"; };
		A6DAA6DC1383E48C00518CC8 /* ColumnTableViewSampleApp-Info.plist */ = {isa = PBXFileReference; fileEncoding = 5; lastKnownFileType = text.plist.xml; path = "ColumnTableViewSampleApp-Info.plist"; sourceTree = "<group>"; };
		A6DAA6DD1383E48C00518CC8 /* main.m */ = {isa = PBXFileReference; fileEncoding = 5; lastKnownFileType = sourcecode.c.objc; path = main.m; sourceTree = "<group>"; };
		A6DAA6DE1383E48C00518CC8 /* MainWindow.xib */ = {isa = PBXFileReference; lastKnownFileType = file.xib; path = MainWindow.xib; sourceTree = "<group>"; };
		A6DAA6DF1383E48C00518CC8 /* SampleAppAppDelegate.h */ = {isa = PBXFileReference; fileEncoding = 5; lastKnownFileType = sourcecode.c.h; path = SampleAppAppDelegate.h; sourceTree = "<group>"; };
		A6DAA6E01383E48C00518CC8 /* SampleAppAppDelegate.m */ = {isa = PBXFileReference; fileEncoding = 5; lastKnownFileType = sourcecode.c.objc; path = SampleAppAppDelegate.m; sourceTree = "<group>"; };
		A6DAAB1C13853C5800518CC8 /* UIApplication+CWAdditions.h */ = {isa = PBXFileReference; fileEncoding = 5; lastKnownFileType = sourcecode.c.h; name = "UIApplication+CWAdditions.h"; path = "Classes/UIApplication+CWAdditions.h"; sourceTree = "<group>"; };
		A6DAAB1D13853C5800518CC8 /* UIApplication+CWAdditions.m */ = {isa = PBXFileReference; fileEncoding = 5; lastKnownFileType = sourcecode.c.objc; name = "UIApplication+CWAdditions.m"; path = "Classes/UIApplication+CWAdditions.m"; sourceTree = "<group>"; };
		A6ED907E1369476D002DCEE4 /* README */ = {isa = PBXFileReference; fileEncoding = 5; lastKnownFileType = text; path = README; sourceTree = "<group>"; };
		A6ED9127136947C4002DCEE4 /* CoreGraphics.framework */ = {isa = PBXFileReference; lastKnownFileType = wrapper.framework; name = CoreGraphics.framework; path = System/Library/Frameworks/CoreGraphics.framework; sourceTree = SDKROOT; };
		A6ED9129136947C4002DCEE4 /* QuartzCore.framework */ = {isa = PBXFileReference; lastKnownFileType = wrapper.framework; name = QuartzCore.framework; path = System/Library/Frameworks/QuartzCore.framework; sourceTree = SDKROOT; };
		A6ED912B136947C4002DCEE4 /* UIKit.framework */ = {isa = PBXFileReference; lastKnownFileType = wrapper.framework; name = UIKit.framework; path = System/Library/Frameworks/UIKit.framework; sourceTree = SDKROOT; };
		A6ED9279136959A8002DCEE4 /* CWFoundation.xcodeproj */ = {isa = PBXFileReference; lastKnownFileType = "wrapper.pb-project"; name = CWFoundation.xcodeproj; path = Components/CWFoundation/CWFoundation.xcodeproj; sourceTree = "<group>"; };
		A6ED928813695A14002DCEE4 /* CWAuxiliaryAction.h */ = {isa = PBXFileReference; fileEncoding = 5; lastKnownFileType = sourcecode.c.h; name = CWAuxiliaryAction.h; path = Classes/CWAuxiliaryAction.h; sourceTree = "<group>"; };
		A6ED928913695A14002DCEE4 /* CWAuxiliaryAction.m */ = {isa = PBXFileReference; fileEncoding = 5; lastKnownFileType = sourcecode.c.objc; name = CWAuxiliaryAction.m; path = Classes/CWAuxiliaryAction.m; sourceTree = "<group>"; };
		A6ED928A13695A14002DCEE4 /* CWCalloutView.h */ = {isa = PBXFileReference; fileEncoding = 5; lastKnownFileType = sourcecode.c.h; name = CWCalloutView.h; path = Classes/CWCalloutView.h; sourceTree = "<group>"; };
		A6ED928B13695A14002DCEE4 /* CWCalloutView.m */ = {isa = PBXFileReference; fileEncoding = 5; lastKnownFileType = sourcecode.c.objc; name = CWCalloutView.m; path = Classes/CWCalloutView.m; sourceTree = "<group>"; };
		A6ED928C13695A14002DCEE4 /* CWLinearLayoutView.h */ = {isa = PBXFileReference; fileEncoding = 5; lastKnownFileType = sourcecode.c.h; name = CWLinearLayoutView.h; path = Classes/CWLinearLayoutView.h; sourceTree = "<group>"; };
		A6ED928D13695A14002DCEE4 /* CWLinearLayoutView.m */ = {isa = PBXFileReference; fileEncoding = 5; lastKnownFileType = sourcecode.c.objc; name = CWLinearLayoutView.m; path = Classes/CWLinearLayoutView.m; sourceTree = "<group>"; };
		A6ED928E13695A14002DCEE4 /* CWPrimaryViewWindow.h */ = {isa = PBXFileReference; fileEncoding = 5; lastKnownFileType = sourcecode.c.h; name = CWPrimaryViewWindow.h; path = Classes/CWPrimaryViewWindow.h; sourceTree = "<group>"; };
		A6ED928F13695A14002DCEE4 /* CWPrimaryViewWindow.m */ = {isa = PBXFileReference; fileEncoding = 5; lastKnownFileType = sourcecode.c.objc; name = CWPrimaryViewWindow.m; path = Classes/CWPrimaryViewWindow.m; sourceTree = "<group>"; };
		A6ED929013695A14002DCEE4 /* NSObject+CWNibLocalizations.h */ = {isa = PBXFileReference; fileEncoding = 5; lastKnownFileType = sourcecode.c.h; name = "NSObject+CWNibLocalizations.h"; path = "Classes/NSObject+CWNibLocalizations.h"; sourceTree = "<group>"; };
		A6ED929113695A14002DCEE4 /* NSObject+CWNibLocalizations.m */ = {isa = PBXFileReference; fileEncoding = 5; lastKnownFileType = sourcecode.c.objc; name = "NSObject+CWNibLocalizations.m"; path = "Classes/NSObject+CWNibLocalizations.m"; sourceTree = "<group>"; };
		A6ED929213695A14002DCEE4 /* UIAlertView+CWErrorHandler.h */ = {isa = PBXFileReference; fileEncoding = 5; lastKnownFileType = sourcecode.c.h; name = "UIAlertView+CWErrorHandler.h"; path = "Classes/UIAlertView+CWErrorHandler.h"; sourceTree = "<group>"; };
		A6ED929313695A14002DCEE4 /* UIAlertView+CWErrorHandler.m */ = {isa = PBXFileReference; fileEncoding = 5; lastKnownFileType = sourcecode.c.objc; name = "UIAlertView+CWErrorHandler.m"; path = "Classes/UIAlertView+CWErrorHandler.m"; sourceTree = "<group>"; };
		A6ED929413695A14002DCEE4 /* UIDevice+CWCapabilities.h */ = {isa = PBXFileReference; fileEncoding = 5; lastKnownFileType = sourcecode.c.h; name = "UIDevice+CWCapabilities.h"; path = "Classes/UIDevice+CWCapabilities.h"; sourceTree = "<group>"; };
		A6ED929513695A14002DCEE4 /* UIDevice+CWCapabilities.m */ = {isa = PBXFileReference; fileEncoding = 5; lastKnownFileType = sourcecode.c.objc; name = "UIDevice+CWCapabilities.m"; path = "Classes/UIDevice+CWCapabilities.m"; sourceTree = "<group>"; };
		A6ED929613695A14002DCEE4 /* UIImage+CWAdditions.h */ = {isa = PBXFileReference; fileEncoding = 5; lastKnownFileType = sourcecode.c.h; name = "UIImage+CWAdditions.h"; path = "Classes/UIImage+CWAdditions.h"; sourceTree = "<group>"; };
		A6ED929713695A14002DCEE4 /* UIImage+CWAdditions.m */ = {isa = PBXFileReference; fileEncoding = 5; lastKnownFileType = sourcecode.c.objc; name = "UIImage+CWAdditions.m"; path = "Classes/UIImage+CWAdditions.m"; sourceTree = "<group>"; };
		A6ED929813695A14002DCEE4 /* UIViewController+CWPopover.h */ = {isa = PBXFileReference; fileEncoding = 5; lastKnownFileType = sourcecode.c.h; name = "UIViewController+CWPopover.h"; path = "Classes/UIViewController+CWPopover.h"; sourceTree = "<group>"; };
		A6ED929913695A14002DCEE4 /* UIViewController+CWPopover.m */ = {isa = PBXFileReference; fileEncoding = 5; lastKnownFileType = sourcecode.c.objc; name = "UIViewController+CWPopover.m"; path = "Classes/UIViewController+CWPopover.m"; sourceTree = "<group>"; };
		A6ED92AD13695A2A002DCEE4 /* CalloutViewSampleApp-Info.plist */ = {isa = PBXFileReference; fileEncoding = 5; lastKnownFileType = text.plist.xml; path = "CalloutViewSampleApp-Info.plist"; sourceTree = "<group>"; };
		A6ED92AE13695A2A002DCEE4 /* main.m */ = {isa = PBXFileReference; fileEncoding = 5; lastKnownFileType = sourcecode.c.objc; path = main.m; sourceTree = "<group>"; };
		A6ED92AF13695A2A002DCEE4 /* MainWindow.xib */ = {isa = PBXFileReference; lastKnownFileType = file.xib; path = MainWindow.xib; sourceTree = "<group>"; };
		A6ED92B013695A2A002DCEE4 /* SampleAppAppDelegate.h */ = {isa = PBXFileReference; fileEncoding = 5; lastKnownFileType = sourcecode.c.h; path = SampleAppAppDelegate.h; sourceTree = "<group>"; };
		A6ED92B113695A2A002DCEE4 /* SampleAppAppDelegate.m */ = {isa = PBXFileReference; fileEncoding = 5; lastKnownFileType = sourcecode.c.objc; path = SampleAppAppDelegate.m; sourceTree = "<group>"; };
		A6ED92B913695A43002DCEE4 /* CalloutViewSampleApp.app */ = {isa = PBXFileReference; explicitFileType = wrapper.application; includeInIndex = 0; path = CalloutViewSampleApp.app; sourceTree = BUILT_PRODUCTS_DIR; };
		A6ED92ED13695BD3002DCEE4 /* CWUIKitResources.bundle */ = {isa = PBXFileReference; explicitFileType = wrapper.cfbundle; includeInIndex = 0; path = CWUIKitResources.bundle; sourceTree = BUILT_PRODUCTS_DIR; };
		A6ED92F513695C35002DCEE4 /* calloutview_left.png */ = {isa = PBXFileReference; lastKnownFileType = image.png; name = calloutview_left.png; path = Resources/calloutview_left.png; sourceTree = "<group>"; };
		A6ED92F613695C35002DCEE4 /* calloutview_left@2x.png */ = {isa = PBXFileReference; lastKnownFileType = image.png; name = "calloutview_left@2x.png"; path = "Resources/calloutview_left@2x.png"; sourceTree = "<group>"; };
		A6ED92F713695C35002DCEE4 /* calloutview_middle.png */ = {isa = PBXFileReference; lastKnownFileType = image.png; name = calloutview_middle.png; path = Resources/calloutview_middle.png; sourceTree = "<group>"; };
		A6ED92F813695C35002DCEE4 /* calloutview_middle@2x.png */ = {isa = PBXFileReference; lastKnownFileType = image.png; name = "calloutview_middle@2x.png"; path = "Resources/calloutview_middle@2x.png"; sourceTree = "<group>"; };
		A6ED92F913695C35002DCEE4 /* calloutview_right.png */ = {isa = PBXFileReference; lastKnownFileType = image.png; name = calloutview_right.png; path = Resources/calloutview_right.png; sourceTree = "<group>"; };
		A6ED92FA13695C35002DCEE4 /* calloutview_right@2x.png */ = {isa = PBXFileReference; lastKnownFileType = image.png; name = "calloutview_right@2x.png"; path = "Resources/calloutview_right@2x.png"; sourceTree = "<group>"; };
		A6FF9FA01369A3FD0083F2EC /* UIActionSheet+AuxiliaryAction.m */ = {isa = PBXFileReference; fileEncoding = 5; lastKnownFileType = sourcecode.c.objc; name = "UIActionSheet+AuxiliaryAction.m"; path = "Classes/UIActionSheet+AuxiliaryAction.m"; sourceTree = "<group>"; };
		A6FF9FA11369A3FD0083F2EC /* UIAlertView+AuxiliaryAction.m */ = {isa = PBXFileReference; fileEncoding = 5; lastKnownFileType = sourcecode.c.objc; name = "UIAlertView+AuxiliaryAction.m"; path = "Classes/UIAlertView+AuxiliaryAction.m"; sourceTree = "<group>"; };
		AACBBE490F95108600F1A2B1 /* Foundation.framework */ = {isa = PBXFileReference; lastKnownFileType = wrapper.framework; name = Foundation.framework; path = System/Library/Frameworks/Foundation.framework; sourceTree = SDKROOT; };
		D2AAC07E0554694100DB518D /* libCWUIKit.a */ = {isa = PBXFileReference; explicitFileType = archive.ar; includeInIndex = 0; path = libCWUIKit.a; sourceTree = BUILT_PRODUCTS_DIR; };
/* End PBXFileReference section */

/* Begin PBXFrameworksBuildPhase section */
		A6DAA6BC1383E40F00518CC8 /* Frameworks */ = {
			isa = PBXFrameworksBuildPhase;
			buildActionMask = 2147483647;
			files = (
				A6DAA7D41383E53000518CC8 /* OpenGLES.framework in Frameworks */,
				A6DAA7D51383E53000518CC8 /* Foundation.framework in Frameworks */,
				A6DAA7D61383E53000518CC8 /* CoreGraphics.framework in Frameworks */,
				A6DAA7D71383E53000518CC8 /* QuartzCore.framework in Frameworks */,
				A6DAA7D81383E53000518CC8 /* UIKit.framework in Frameworks */,
				A6DAA6EA1383E52700518CC8 /* libCWUIKit.a in Frameworks */,
			);
			runOnlyForDeploymentPostprocessing = 0;
		};
		A6ED92B713695A43002DCEE4 /* Frameworks */ = {
			isa = PBXFrameworksBuildPhase;
			buildActionMask = 2147483647;
			files = (
				A6A975D3136AC3A50065D9BE /* OpenGLES.framework in Frameworks */,
				A6ED92C513695AA4002DCEE4 /* Foundation.framework in Frameworks */,
				A6ED92C613695AA4002DCEE4 /* CoreGraphics.framework in Frameworks */,
				A6ED92C713695AA4002DCEE4 /* QuartzCore.framework in Frameworks */,
				A6ED92C813695AA4002DCEE4 /* UIKit.framework in Frameworks */,
				A6ED92C413695A97002DCEE4 /* libCWUIKit.a in Frameworks */,
			);
			runOnlyForDeploymentPostprocessing = 0;
		};
		D2AAC07C0554694100DB518D /* Frameworks */ = {
			isa = PBXFrameworksBuildPhase;
			buildActionMask = 2147483647;
			files = (
				AACBBE4A0F95108600F1A2B1 /* Foundation.framework in Frameworks */,
				A6ED9128136947C4002DCEE4 /* CoreGraphics.framework in Frameworks */,
				A6ED912A136947C4002DCEE4 /* QuartzCore.framework in Frameworks */,
				A6ED912C136947C4002DCEE4 /* UIKit.framework in Frameworks */,
				A6ED9285136959B3002DCEE4 /* libCWFoundation.a in Frameworks */,
				A6A42D56136988B00051E0C7 /* OpenGLES.framework in Frameworks */,
			);
			runOnlyForDeploymentPostprocessing = 0;
		};
/* End PBXFrameworksBuildPhase section */

/* Begin PBXGroup section */
		034768DFFF38A50411DB9C8B /* Products */ = {
			isa = PBXGroup;
			children = (
				D2AAC07E0554694100DB518D /* libCWUIKit.a */,
				A6ED92B913695A43002DCEE4 /* CalloutViewSampleApp.app */,
				A6ED92ED13695BD3002DCEE4 /* CWUIKitResources.bundle */,
				A6DAA6BE1383E40F00518CC8 /* ColumnTableViewSampleApp.app */,
			);
			name = Products;
			sourceTree = "<group>";
		};
		0867D691FE84028FC02AAC07 /* CWUIKit */ = {
			isa = PBXGroup;
			children = (
				A6ED907E1369476D002DCEE4 /* README */,
				A6ED9279136959A8002DCEE4 /* CWFoundation.xcodeproj */,
				08FB77AEFE84172EC02AAC07 /* Classes */,
				A6ED92F413695C1E002DCEE4 /* Resources */,
				A6ED90171369470A002DCEE4 /* Test Classes */,
				A6ED901A13694715002DCEE4 /* Sample Classes */,
				0867D69AFE84028FC02AAC07 /* Frameworks */,
				034768DFFF38A50411DB9C8B /* Products */,
			);
			name = CWUIKit;
			sourceTree = "<group>";
		};
		0867D69AFE84028FC02AAC07 /* Frameworks */ = {
			isa = PBXGroup;
			children = (
				A6A42D55136988B00051E0C7 /* OpenGLES.framework */,
				AACBBE490F95108600F1A2B1 /* Foundation.framework */,
				A6ED9127136947C4002DCEE4 /* CoreGraphics.framework */,
				A6ED9129136947C4002DCEE4 /* QuartzCore.framework */,
				A6ED912B136947C4002DCEE4 /* UIKit.framework */,
			);
			name = Frameworks;
			sourceTree = "<group>";
		};
		08FB77AEFE84172EC02AAC07 /* Classes */ = {
			isa = PBXGroup;
			children = (
				A6A97542136ABCA50065D9BE /* CWUIKit.h */,
				8B3096C11386662300EE9727 /* CWSearchBar.h */,
				8B3096C21386662300EE9727 /* CWSearchBar.m */,
				8B3096C31386662300EE9727 /* CWTextField.h */,
				8B3096C41386662300EE9727 /* CWTextField.m */,
				A610844E136ED4E900D42782 /* CWGeometry.h */,
				A6ED928813695A14002DCEE4 /* CWAuxiliaryAction.h */,
				A6ED928913695A14002DCEE4 /* CWAuxiliaryAction.m */,
				A6FF9FA01369A3FD0083F2EC /* UIActionSheet+AuxiliaryAction.m */,
				A6FF9FA11369A3FD0083F2EC /* UIAlertView+AuxiliaryAction.m */,
				A65D9C05137BD9E3007D25A0 /* CWBackgroundBars.h */,
				A65D9C06137BD9E3007D25A0 /* CWBackgroundBars.m */,
				A6ED928A13695A14002DCEE4 /* CWCalloutView.h */,
				A6ED928B13695A14002DCEE4 /* CWCalloutView.m */,
				A6DAA69C1383E36000518CC8 /* CWColumnTableView.h */,
				A6DAA69D1383E36000518CC8 /* CWColumnTableView.m */,
				A6DAA69E1383E36000518CC8 /* CWColumnTableViewCell.h */,
				A6DAA69F1383E36000518CC8 /* CWColumnTableViewCell.m */,
				A6DAA6A01383E36000518CC8 /* CWTableViewCellBackgroundView.h */,
				A6DAA6A11383E36000518CC8 /* CWTableViewCellBackgroundView.m */,
				A6ED928C13695A14002DCEE4 /* CWLinearLayoutView.h */,
				A6ED928D13695A14002DCEE4 /* CWLinearLayoutView.m */,
				A6ED928E13695A14002DCEE4 /* CWPrimaryViewWindow.h */,
				A6ED928F13695A14002DCEE4 /* CWPrimaryViewWindow.m */,
				A65D9B5D137BC3EA007D25A0 /* CWStyledSegmentedControl.h */,
				A65D9B5E137BC3EA007D25A0 /* CWStyledSegmentedControl.m */,
				A6ED929013695A14002DCEE4 /* NSObject+CWNibLocalizations.h */,
				A6ED929113695A14002DCEE4 /* NSObject+CWNibLocalizations.m */,
				A6DAAB1C13853C5800518CC8 /* UIApplication+CWAdditions.h */,
				A6DAAB1D13853C5800518CC8 /* UIApplication+CWAdditions.m */,
				A6ED929213695A14002DCEE4 /* UIAlertView+CWErrorHandler.h */,
				A6ED929313695A14002DCEE4 /* UIAlertView+CWErrorHandler.m */,
				A65D9B66137BC65A007D25A0 /* UIBarButtonItem+CWAdditions.h */,
				A65D9B67137BC65A007D25A0 /* UIBarButtonItem+CWAdditions.m */,
				A65D9B7D137BCDC8007D25A0 /* UIButton+CWAdditions.h */,
				A65D9B7E137BCDC8007D25A0 /* UIButton+CWAdditions.m */,
				A610844F136ED4E900D42782 /* UIColor+CWAdditions.h */,
				A6108450136ED4E900D42782 /* UIColor+CWAdditions.m */,
				A6ED929413695A14002DCEE4 /* UIDevice+CWCapabilities.h */,
				A6ED929513695A14002DCEE4 /* UIDevice+CWCapabilities.m */,
				A6ED929613695A14002DCEE4 /* UIImage+CWAdditions.h */,
				A6ED929713695A14002DCEE4 /* UIImage+CWAdditions.m */,
				A6108455136ED4E900D42782 /* UIView+CWVisualCue.h */,
				A6108456136ED4E900D42782 /* UIView+CWVisualCue.m */,
				A6ED929813695A14002DCEE4 /* UIViewController+CWPopover.h */,
				A6ED929913695A14002DCEE4 /* UIViewController+CWPopover.m */,
			);
			name = Classes;
			sourceTree = "<group>";
		};
		A6DAA6D91383E48C00518CC8 /* ColumnTableView */ = {
			isa = PBXGroup;
			children = (
				A6DAA6DC1383E48C00518CC8 /* ColumnTableViewSampleApp-Info.plist */,
				A6DAA6DA1383E48C00518CC8 /* ColumnTableViewController.h */,
				A6DAA6DB1383E48C00518CC8 /* ColumnTableViewController.m */,
				A6DAA6DD1383E48C00518CC8 /* main.m */,
				A6DAA6DF1383E48C00518CC8 /* SampleAppAppDelegate.h */,
				A6DAA6E01383E48C00518CC8 /* SampleAppAppDelegate.m */,
				A6DAA6DE1383E48C00518CC8 /* MainWindow.xib */,
			);
			name = ColumnTableView;
			path = "Sample Classes/ColumnTableView";
			sourceTree = "<group>";
		};
		A6ED90171369470A002DCEE4 /* Test Classes */ = {
			isa = PBXGroup;
			children = (
			);
			name = "Test Classes";
			sourceTree = "<group>";
		};
		A6ED901A13694715002DCEE4 /* Sample Classes */ = {
			isa = PBXGroup;
			children = (
				A6DAA6D91383E48C00518CC8 /* ColumnTableView */,
				A6ED92AC13695A2A002DCEE4 /* CalloutView */,
			);
			name = "Sample Classes";
			sourceTree = "<group>";
		};
		A6ED927A136959A8002DCEE4 /* Products */ = {
			isa = PBXGroup;
			children = (
				A6ED9282136959A8002DCEE4 /* libCWFoundation.a */,
				A6108430136ED42300D42782 /* libCWNetworkMonitor.a */,
				A6ED9284136959A8002DCEE4 /* UnitTests.octest */,
				A6A973151369B7150065D9BE /* NetworkMonitorSampleApp.app */,
				A6A973171369B7150065D9BE /* XMLTranslatorSampleApp.app */,
			);
			name = Products;
			sourceTree = "<group>";
		};
		A6ED92AC13695A2A002DCEE4 /* CalloutView */ = {
			isa = PBXGroup;
			children = (
				A6ED92AD13695A2A002DCEE4 /* CalloutViewSampleApp-Info.plist */,
				A6ED92AE13695A2A002DCEE4 /* main.m */,
				A6ED92B013695A2A002DCEE4 /* SampleAppAppDelegate.h */,
				A6ED92B113695A2A002DCEE4 /* SampleAppAppDelegate.m */,
				A6ED92AF13695A2A002DCEE4 /* MainWindow.xib */,
			);
			name = CalloutView;
			path = "Sample Classes/CalloutView";
			sourceTree = "<group>";
		};
		A6ED92F413695C1E002DCEE4 /* Resources */ = {
			isa = PBXGroup;
			children = (
				8B85D06E138D099A000B6C1F /* input_field_extendable.png */,
				A65D9BE1137BD56B007D25A0 /* bar_button_highlighted.png */,
				A65D9BE2137BD56B007D25A0 /* bar_button_highlighted@2x.png */,
				A65D9BE3137BD56B007D25A0 /* bar_button.png */,
				A65D9BE4137BD56B007D25A0 /* bar_button@2x.png */,
				A65D9B81137BCF32007D25A0 /* delete_button_highlighted.png */,
				A65D9B82137BCF32007D25A0 /* delete_button_highlighted@2x.png */,
				A65D9B83137BCF32007D25A0 /* delete_button.png */,
				A65D9B84137BCF32007D25A0 /* delete_button@2x.png */,
				A6108469136ED5FA00D42782 /* flash.png */,
				A6ED92F513695C35002DCEE4 /* calloutview_left.png */,
				A6ED92F613695C35002DCEE4 /* calloutview_left@2x.png */,
				A6ED92F713695C35002DCEE4 /* calloutview_middle.png */,
				A6ED92F813695C35002DCEE4 /* calloutview_middle@2x.png */,
				A6ED92F913695C35002DCEE4 /* calloutview_right.png */,
				A6ED92FA13695C35002DCEE4 /* calloutview_right@2x.png */,
			);
			name = Resources;
			sourceTree = "<group>";
		};
/* End PBXGroup section */

/* Begin PBXHeadersBuildPhase section */
		D2AAC07A0554694100DB518D /* Headers */ = {
			isa = PBXHeadersBuildPhase;
			buildActionMask = 2147483647;
			files = (
				A6ED929A13695A14002DCEE4 /* CWAuxiliaryAction.h in Headers */,
				A6ED929C13695A14002DCEE4 /* CWCalloutView.h in Headers */,
				A6ED929E13695A14002DCEE4 /* CWLinearLayoutView.h in Headers */,
				A6ED92A013695A14002DCEE4 /* CWPrimaryViewWindow.h in Headers */,
				A6ED92A213695A14002DCEE4 /* NSObject+CWNibLocalizations.h in Headers */,
				A6ED92A413695A14002DCEE4 /* UIAlertView+CWErrorHandler.h in Headers */,
				A6ED92A613695A14002DCEE4 /* UIDevice+CWCapabilities.h in Headers */,
				A6ED92A813695A14002DCEE4 /* UIImage+CWAdditions.h in Headers */,
				A6ED92AA13695A14002DCEE4 /* UIViewController+CWPopover.h in Headers */,
				A6ED92B313695A2A002DCEE4 /* SampleAppAppDelegate.h in Headers */,
				A6A97543136ABCA50065D9BE /* CWUIKit.h in Headers */,
				A6108457136ED4E900D42782 /* CWGeometry.h in Headers */,
				A6108458136ED4E900D42782 /* UIColor+CWAdditions.h in Headers */,
				A610845E136ED4E900D42782 /* UIView+CWVisualCue.h in Headers */,
				A65D9B5F137BC3EA007D25A0 /* CWStyledSegmentedControl.h in Headers */,
				A65D9B68137BC65A007D25A0 /* UIBarButtonItem+CWAdditions.h in Headers */,
				A65D9B7F137BCDC8007D25A0 /* UIButton+CWAdditions.h in Headers */,
				A65D9C07137BD9E3007D25A0 /* CWBackgroundBars.h in Headers */,
				A6DAA6A21383E36000518CC8 /* CWColumnTableView.h in Headers */,
				A6DAA6A41383E36000518CC8 /* CWColumnTableViewCell.h in Headers */,
				A6DAA6A61383E36000518CC8 /* CWTableViewCellBackgroundView.h in Headers */,
				A6DAAB1E13853C5800518CC8 /* UIApplication+CWAdditions.h in Headers */,
				8B3096C51386662300EE9727 /* CWSearchBar.h in Headers */,
				8B3096C71386662300EE9727 /* CWTextField.h in Headers */,
			);
			runOnlyForDeploymentPostprocessing = 0;
		};
/* End PBXHeadersBuildPhase section */

/* Begin PBXNativeTarget section */
		A6DAA6BD1383E40F00518CC8 /* ColumnTableViewSampleApp */ = {
			isa = PBXNativeTarget;
			buildConfigurationList = A6DAA6C61383E41000518CC8 /* Build configuration list for PBXNativeTarget "ColumnTableViewSampleApp" */;
			buildPhases = (
				A6DAA6BA1383E40F00518CC8 /* Resources */,
				A6DAA6BB1383E40F00518CC8 /* Sources */,
				A6DAA6BC1383E40F00518CC8 /* Frameworks */,
			);
			buildRules = (
			);
			dependencies = (
				A6DAA6E91383E51700518CC8 /* PBXTargetDependency */,
			);
			name = ColumnTableViewSampleApp;
			productName = ColumnTableViewSampleApp;
			productReference = A6DAA6BE1383E40F00518CC8 /* ColumnTableViewSampleApp.app */;
			productType = "com.apple.product-type.application";
		};
		A6ED92B813695A43002DCEE4 /* CalloutViewSampleApp */ = {
			isa = PBXNativeTarget;
			buildConfigurationList = A6ED92BE13695A44002DCEE4 /* Build configuration list for PBXNativeTarget "CalloutViewSampleApp" */;
			buildPhases = (
				A6ED92B513695A43002DCEE4 /* Resources */,
				A6ED92B613695A43002DCEE4 /* Sources */,
				A6ED92B713695A43002DCEE4 /* Frameworks */,
			);
			buildRules = (
			);
			dependencies = (
				A6ED92C313695A85002DCEE4 /* PBXTargetDependency */,
			);
			name = CalloutViewSampleApp;
			productName = CalloutViewSampleApp;
			productReference = A6ED92B913695A43002DCEE4 /* CalloutViewSampleApp.app */;
			productType = "com.apple.product-type.application";
		};
		A6ED92EC13695BD3002DCEE4 /* CWUIKitResources */ = {
			isa = PBXNativeTarget;
			buildConfigurationList = A6ED92F113695BD3002DCEE4 /* Build configuration list for PBXNativeTarget "CWUIKitResources" */;
			buildPhases = (
				A6ED92E913695BD3002DCEE4 /* Resources */,
			);
			buildRules = (
			);
			dependencies = (
			);
			name = CWUIKitResources;
			productName = CWUIKitResources;
			productReference = A6ED92ED13695BD3002DCEE4 /* CWUIKitResources.bundle */;
			productType = "com.apple.product-type.bundle";
		};
		D2AAC07D0554694100DB518D /* CWUIKit */ = {
			isa = PBXNativeTarget;
			buildConfigurationList = 1DEB921E08733DC00010E9CD /* Build configuration list for PBXNativeTarget "CWUIKit" */;
			buildPhases = (
				D2AAC07A0554694100DB518D /* Headers */,
				D2AAC07B0554694100DB518D /* Sources */,
				D2AAC07C0554694100DB518D /* Frameworks */,
			);
			buildRules = (
			);
			dependencies = (
				A6ED9287136959BB002DCEE4 /* PBXTargetDependency */,
				A6ED92FC13695C69002DCEE4 /* PBXTargetDependency */,
			);
			name = CWUIKit;
			productName = CWUIKit;
			productReference = D2AAC07E0554694100DB518D /* libCWUIKit.a */;
			productType = "com.apple.product-type.library.static";
		};
/* End PBXNativeTarget section */

/* Begin PBXProject section */
		0867D690FE84028FC02AAC07 /* Project object */ = {
			isa = PBXProject;
			buildConfigurationList = 1DEB922208733DC00010E9CD /* Build configuration list for PBXProject "CWUIKit" */;
			compatibilityVersion = "Xcode 3.1";
			developmentRegion = English;
			hasScannedForEncodings = 1;
			knownRegions = (
				English,
				Japanese,
				French,
				German,
			);
			mainGroup = 0867D691FE84028FC02AAC07 /* CWUIKit */;
			productRefGroup = 034768DFFF38A50411DB9C8B /* Products */;
			projectDirPath = "";
			projectReferences = (
				{
					ProductGroup = A6ED927A136959A8002DCEE4 /* Products */;
					ProjectRef = A6ED9279136959A8002DCEE4 /* CWFoundation.xcodeproj */;
				},
			);
			projectRoot = "";
			targets = (
				A6ED92EC13695BD3002DCEE4 /* CWUIKitResources */,
				D2AAC07D0554694100DB518D /* CWUIKit */,
				A6ED92B813695A43002DCEE4 /* CalloutViewSampleApp */,
				A6DAA6BD1383E40F00518CC8 /* ColumnTableViewSampleApp */,
			);
		};
/* End PBXProject section */

/* Begin PBXReferenceProxy section */
		A6108430136ED42300D42782 /* libCWNetworkMonitor.a */ = {
			isa = PBXReferenceProxy;
			fileType = archive.ar;
			path = libCWNetworkMonitor.a;
			remoteRef = A610842F136ED42300D42782 /* PBXContainerItemProxy */;
			sourceTree = BUILT_PRODUCTS_DIR;
		};
		A6A973151369B7150065D9BE /* NetworkMonitorSampleApp.app */ = {
			isa = PBXReferenceProxy;
			fileType = wrapper.application;
			path = NetworkMonitorSampleApp.app;
			remoteRef = A6A973141369B7150065D9BE /* PBXContainerItemProxy */;
			sourceTree = BUILT_PRODUCTS_DIR;
		};
		A6A973171369B7150065D9BE /* XMLTranslatorSampleApp.app */ = {
			isa = PBXReferenceProxy;
			fileType = wrapper.application;
			path = XMLTranslatorSampleApp.app;
			remoteRef = A6A973161369B7150065D9BE /* PBXContainerItemProxy */;
			sourceTree = BUILT_PRODUCTS_DIR;
		};
		A6ED9282136959A8002DCEE4 /* libCWFoundation.a */ = {
			isa = PBXReferenceProxy;
			fileType = archive.ar;
			path = libCWFoundation.a;
			remoteRef = A6ED9281136959A8002DCEE4 /* PBXContainerItemProxy */;
			sourceTree = BUILT_PRODUCTS_DIR;
		};
		A6ED9284136959A8002DCEE4 /* UnitTests.octest */ = {
			isa = PBXReferenceProxy;
			fileType = wrapper.cfbundle;
			path = UnitTests.octest;
			remoteRef = A6ED9283136959A8002DCEE4 /* PBXContainerItemProxy */;
			sourceTree = BUILT_PRODUCTS_DIR;
		};
/* End PBXReferenceProxy section */

/* Begin PBXResourcesBuildPhase section */
		A6DAA6BA1383E40F00518CC8 /* Resources */ = {
			isa = PBXResourcesBuildPhase;
			buildActionMask = 2147483647;
			files = (
				A6DAA6E41383E48C00518CC8 /* MainWindow.xib in Resources */,
			);
			runOnlyForDeploymentPostprocessing = 0;
		};
		A6ED92B513695A43002DCEE4 /* Resources */ = {
			isa = PBXResourcesBuildPhase;
			buildActionMask = 2147483647;
			files = (
				A6ED92FD13695C75002DCEE4 /* CWUIKitResources.bundle in Resources */,
				A6ED92C113695A78002DCEE4 /* MainWindow.xib in Resources */,
			);
			runOnlyForDeploymentPostprocessing = 0;
		};
		A6ED92E913695BD3002DCEE4 /* Resources */ = {
			isa = PBXResourcesBuildPhase;
			buildActionMask = 2147483647;
			files = (
				A6ED932013695CF9002DCEE4 /* calloutview_left.png in Resources */,
				A6ED932113695CF9002DCEE4 /* calloutview_left@2x.png in Resources */,
				A6ED932213695CF9002DCEE4 /* calloutview_middle.png in Resources */,
				A6ED932313695CF9002DCEE4 /* calloutview_middle@2x.png in Resources */,
				A6ED932413695CF9002DCEE4 /* calloutview_right.png in Resources */,
				A6ED932513695CF9002DCEE4 /* calloutview_right@2x.png in Resources */,
				A610846A136ED5FA00D42782 /* flash.png in Resources */,
				A65D9B85137BCF32007D25A0 /* delete_button_highlighted.png in Resources */,
				A65D9B86137BCF32007D25A0 /* delete_button_highlighted@2x.png in Resources */,
				A65D9B87137BCF32007D25A0 /* delete_button.png in Resources */,
				A65D9B88137BCF32007D25A0 /* delete_button@2x.png in Resources */,
				A65D9BE5137BD56B007D25A0 /* bar_button_highlighted.png in Resources */,
				A65D9BE6137BD56B007D25A0 /* bar_button_highlighted@2x.png in Resources */,
				A65D9BE7137BD56B007D25A0 /* bar_button.png in Resources */,
				A65D9BE8137BD56C007D25A0 /* bar_button@2x.png in Resources */,
				8B85D06F138D099A000B6C1F /* input_field_extendable.png in Resources */,
			);
			runOnlyForDeploymentPostprocessing = 0;
		};
/* End PBXResourcesBuildPhase section */

/* Begin PBXSourcesBuildPhase section */
		A6DAA6BB1383E40F00518CC8 /* Sources */ = {
			isa = PBXSourcesBuildPhase;
			buildActionMask = 2147483647;
			files = (
				A6DAA6E11383E48C00518CC8 /* ColumnTableViewController.m in Sources */,
				A6DAA6E31383E48C00518CC8 /* main.m in Sources */,
				A6DAA6E51383E48C00518CC8 /* SampleAppAppDelegate.m in Sources */,
			);
			runOnlyForDeploymentPostprocessing = 0;
		};
		A6ED92B613695A43002DCEE4 /* Sources */ = {
			isa = PBXSourcesBuildPhase;
			buildActionMask = 2147483647;
			files = (
				A6ED92BF13695A73002DCEE4 /* main.m in Sources */,
				A6ED92C013695A73002DCEE4 /* SampleAppAppDelegate.m in Sources */,
			);
			runOnlyForDeploymentPostprocessing = 0;
		};
		D2AAC07B0554694100DB518D /* Sources */ = {
			isa = PBXSourcesBuildPhase;
			buildActionMask = 2147483647;
			files = (
				A6ED929B13695A14002DCEE4 /* CWAuxiliaryAction.m in Sources */,
				A6FF9FA21369A3FD0083F2EC /* UIActionSheet+AuxiliaryAction.m in Sources */,
				A6FF9FA31369A3FD0083F2EC /* UIAlertView+AuxiliaryAction.m in Sources */,
				A6ED929D13695A14002DCEE4 /* CWCalloutView.m in Sources */,
				A6ED929F13695A14002DCEE4 /* CWLinearLayoutView.m in Sources */,
				A6ED92A113695A14002DCEE4 /* CWPrimaryViewWindow.m in Sources */,
				A6ED92A313695A14002DCEE4 /* NSObject+CWNibLocalizations.m in Sources */,
				A6ED92A513695A14002DCEE4 /* UIAlertView+CWErrorHandler.m in Sources */,
				A6ED92A713695A14002DCEE4 /* UIDevice+CWCapabilities.m in Sources */,
				A6ED92A913695A14002DCEE4 /* UIImage+CWAdditions.m in Sources */,
				A6ED92AB13695A14002DCEE4 /* UIViewController+CWPopover.m in Sources */,
				A6108459136ED4E900D42782 /* UIColor+CWAdditions.m in Sources */,
				A610845F136ED4E900D42782 /* UIView+CWVisualCue.m in Sources */,
				A65D9B60137BC3EA007D25A0 /* CWStyledSegmentedControl.m in Sources */,
				A65D9B69137BC65A007D25A0 /* UIBarButtonItem+CWAdditions.m in Sources */,
				A65D9B80137BCDC8007D25A0 /* UIButton+CWAdditions.m in Sources */,
				A65D9C08137BD9E3007D25A0 /* CWBackgroundBars.m in Sources */,
				A6DAA6A31383E36000518CC8 /* CWColumnTableView.m in Sources */,
				A6DAA6A51383E36000518CC8 /* CWColumnTableViewCell.m in Sources */,
				A6DAA6A71383E36000518CC8 /* CWTableViewCellBackgroundView.m in Sources */,
				A6DAAB1F13853C5800518CC8 /* UIApplication+CWAdditions.m in Sources */,
				8B3096C61386662300EE9727 /* CWSearchBar.m in Sources */,
				8B3096C81386662300EE9727 /* CWTextField.m in Sources */,
			);
			runOnlyForDeploymentPostprocessing = 0;
		};
/* End PBXSourcesBuildPhase section */

/* Begin PBXTargetDependency section */
		A6DAA6E91383E51700518CC8 /* PBXTargetDependency */ = {
			isa = PBXTargetDependency;
			target = D2AAC07D0554694100DB518D /* CWUIKit */;
			targetProxy = A6DAA6E81383E51700518CC8 /* PBXContainerItemProxy */;
		};
		A6ED9287136959BB002DCEE4 /* PBXTargetDependency */ = {
			isa = PBXTargetDependency;
			name = CWFoundation;
			targetProxy = A6ED9286136959BB002DCEE4 /* PBXContainerItemProxy */;
		};
		A6ED92C313695A85002DCEE4 /* PBXTargetDependency */ = {
			isa = PBXTargetDependency;
			target = D2AAC07D0554694100DB518D /* CWUIKit */;
			targetProxy = A6ED92C213695A85002DCEE4 /* PBXContainerItemProxy */;
		};
		A6ED92FC13695C69002DCEE4 /* PBXTargetDependency */ = {
			isa = PBXTargetDependency;
			target = A6ED92EC13695BD3002DCEE4 /* CWUIKitResources */;
			targetProxy = A6ED92FB13695C69002DCEE4 /* PBXContainerItemProxy */;
		};
/* End PBXTargetDependency section */

/* Begin XCBuildConfiguration section */
		1DEB921F08733DC00010E9CD /* Debug */ = {
			isa = XCBuildConfiguration;
			buildSettings = {
				ALWAYS_SEARCH_USER_PATHS = NO;
				ARCHS = "$(ARCHS_STANDARD_32_BIT)";
				COPY_PHASE_STRIP = NO;
				DSTROOT = /tmp/CWUIKit.dst;
				GCC_DYNAMIC_NO_PIC = NO;
				GCC_ENABLE_FIX_AND_CONTINUE = YES;
				GCC_MODEL_TUNING = G5;
				GCC_OPTIMIZATION_LEVEL = 0;
				GCC_PRECOMPILE_PREFIX_HEADER = YES;
				INSTALL_PATH = /usr/local/lib;
				PRODUCT_NAME = CWUIKit;
			};
			name = Debug;
		};
		1DEB922008733DC00010E9CD /* Release */ = {
			isa = XCBuildConfiguration;
			buildSettings = {
				ALWAYS_SEARCH_USER_PATHS = NO;
				ARCHS = "$(ARCHS_STANDARD_32_BIT)";
				DSTROOT = /tmp/CWUIKit.dst;
				GCC_MODEL_TUNING = G5;
				GCC_PRECOMPILE_PREFIX_HEADER = YES;
				INSTALL_PATH = /usr/local/lib;
				PRODUCT_NAME = CWUIKit;
			};
			name = Release;
		};
		1DEB922308733DC00010E9CD /* Debug */ = {
			isa = XCBuildConfiguration;
			buildSettings = {
				ARCHS = "$(ARCHS_STANDARD_32_BIT)";
				GCC_C_LANGUAGE_STANDARD = c99;
				GCC_OPTIMIZATION_LEVEL = 0;
				GCC_WARN_ABOUT_RETURN_TYPE = YES;
				GCC_WARN_UNUSED_VARIABLE = YES;
				OTHER_LDFLAGS = (
					"-all_load",
					"-ObjC",
				);
				PREBINDING = NO;
				SDKROOT = iphoneos;
				USER_HEADER_SEARCH_PATHS = "Components/**";
			};
			name = Debug;
		};
		1DEB922408733DC00010E9CD /* Release */ = {
			isa = XCBuildConfiguration;
			buildSettings = {
				ARCHS = "$(ARCHS_STANDARD_32_BIT)";
				GCC_C_LANGUAGE_STANDARD = c99;
				GCC_WARN_ABOUT_RETURN_TYPE = YES;
				GCC_WARN_UNUSED_VARIABLE = YES;
				OTHER_LDFLAGS = (
					"-all_load",
					"-ObjC",
				);
				PREBINDING = NO;
				SDKROOT = iphoneos;
				USER_HEADER_SEARCH_PATHS = "Components/**";
			};
			name = Release;
		};
		A6DAA6C11383E41000518CC8 /* Debug */ = {
			isa = XCBuildConfiguration;
			buildSettings = {
				ALWAYS_SEARCH_USER_PATHS = NO;
				CODE_SIGN_IDENTITY = "iPhone Developer";
				COPY_PHASE_STRIP = NO;
				GCC_DYNAMIC_NO_PIC = NO;
				GCC_OPTIMIZATION_LEVEL = 0;
				GCC_PRECOMPILE_PREFIX_HEADER = YES;
				GCC_PREFIX_HEADER = "$(SYSTEM_LIBRARY_DIR)/Frameworks/UIKit.framework/Headers/UIKit.h";
				INFOPLIST_FILE = "Sample Classes/ColumnTableView/ColumnTableViewSampleApp-Info.plist";
				INSTALL_PATH = "$(HOME)/Applications";
				OTHER_LDFLAGS = (
					"-framework",
					Foundation,
					"-framework",
					UIKit,
				);
				PREBINDING = NO;
				PRODUCT_NAME = ColumnTableViewSampleApp;
				SDKROOT = iphoneos;
				TARGETED_DEVICE_FAMILY = "1,2";
			};
			name = Debug;
		};
		A6DAA6C21383E41000518CC8 /* Release */ = {
			isa = XCBuildConfiguration;
			buildSettings = {
				ALWAYS_SEARCH_USER_PATHS = NO;
				CODE_SIGN_IDENTITY = "iPhone Developer";
				COPY_PHASE_STRIP = YES;
				DEBUG_INFORMATION_FORMAT = "dwarf-with-dsym";
				GCC_ENABLE_FIX_AND_CONTINUE = NO;
				GCC_PRECOMPILE_PREFIX_HEADER = YES;
				GCC_PREFIX_HEADER = "$(SYSTEM_LIBRARY_DIR)/Frameworks/UIKit.framework/Headers/UIKit.h";
				INFOPLIST_FILE = "Sample Classes/ColumnTableView/ColumnTableViewSampleApp-Info.plist";
				INSTALL_PATH = "$(HOME)/Applications";
				OTHER_LDFLAGS = (
					"-framework",
					Foundation,
					"-framework",
					UIKit,
				);
				PREBINDING = NO;
				PRODUCT_NAME = ColumnTableViewSampleApp;
				SDKROOT = iphoneos;
				TARGETED_DEVICE_FAMILY = "1,2";
				ZERO_LINK = NO;
			};
			name = Release;
		};
		A6ED92BC13695A44002DCEE4 /* Debug */ = {
			isa = XCBuildConfiguration;
			buildSettings = {
				ALWAYS_SEARCH_USER_PATHS = NO;
				CODE_SIGN_IDENTITY = "iPhone Developer";
				COPY_PHASE_STRIP = NO;
				GCC_DYNAMIC_NO_PIC = NO;
				GCC_OPTIMIZATION_LEVEL = 0;
				GCC_PRECOMPILE_PREFIX_HEADER = YES;
				GCC_PREFIX_HEADER = "$(SYSTEM_LIBRARY_DIR)/Frameworks/UIKit.framework/Headers/UIKit.h";
				INFOPLIST_FILE = "Sample Classes/CalloutView/CalloutViewSampleApp-Info.plist";
				INSTALL_PATH = "$(HOME)/Applications";
				OTHER_LDFLAGS = (
					"-all_load",
					"-framework",
					Foundation,
					"-framework",
					UIKit,
				);
				PREBINDING = NO;
				PRODUCT_NAME = CalloutViewSampleApp;
				SDKROOT = iphoneos;
			};
			name = Debug;
		};
		A6ED92BD13695A44002DCEE4 /* Release */ = {
			isa = XCBuildConfiguration;
			buildSettings = {
				ALWAYS_SEARCH_USER_PATHS = NO;
				CODE_SIGN_IDENTITY = "iPhone Developer";
				COPY_PHASE_STRIP = YES;
				DEBUG_INFORMATION_FORMAT = "dwarf-with-dsym";
				GCC_ENABLE_FIX_AND_CONTINUE = NO;
				GCC_PRECOMPILE_PREFIX_HEADER = YES;
				GCC_PREFIX_HEADER = "$(SYSTEM_LIBRARY_DIR)/Frameworks/UIKit.framework/Headers/UIKit.h";
				INFOPLIST_FILE = "Sample Classes/CalloutView/CalloutViewSampleApp-Info.plist";
				INSTALL_PATH = "$(HOME)/Applications";
				OTHER_LDFLAGS = (
					"-all_load",
					"-framework",
					Foundation,
					"-framework",
					UIKit,
				);
				PREBINDING = NO;
				PRODUCT_NAME = CalloutViewSampleApp;
				SDKROOT = iphoneos;
				ZERO_LINK = NO;
			};
			name = Release;
		};
		A6ED92EF13695BD3002DCEE4 /* Debug */ = {
			isa = XCBuildConfiguration;
			buildSettings = {
				COPY_PHASE_STRIP = NO;
				GCC_DYNAMIC_NO_PIC = NO;
				GCC_ENABLE_FIX_AND_CONTINUE = YES;
				GCC_MODEL_TUNING = G5;
				GCC_OPTIMIZATION_LEVEL = 0;
				GCC_PRECOMPILE_PREFIX_HEADER = YES;
				INSTALL_PATH = "$(HOME)/Library/Bundles";
				PRODUCT_NAME = CWUIKitResources;
				WRAPPER_EXTENSION = bundle;
			};
			name = Debug;
		};
		A6ED92F013695BD3002DCEE4 /* Release */ = {
			isa = XCBuildConfiguration;
			buildSettings = {
				COPY_PHASE_STRIP = YES;
				GCC_ENABLE_FIX_AND_CONTINUE = NO;
				GCC_MODEL_TUNING = G5;
				GCC_PRECOMPILE_PREFIX_HEADER = YES;
				INSTALL_PATH = "$(HOME)/Library/Bundles";
				PRODUCT_NAME = CWUIKitResources;
				WRAPPER_EXTENSION = bundle;
				ZERO_LINK = NO;
			};
			name = Release;
		};
/* End XCBuildConfiguration section */

/* Begin XCConfigurationList section */
		1DEB921E08733DC00010E9CD /* Build configuration list for PBXNativeTarget "CWUIKit" */ = {
			isa = XCConfigurationList;
			buildConfigurations = (
				1DEB921F08733DC00010E9CD /* Debug */,
				1DEB922008733DC00010E9CD /* Release */,
			);
			defaultConfigurationIsVisible = 0;
			defaultConfigurationName = Release;
		};
		1DEB922208733DC00010E9CD /* Build configuration list for PBXProject "CWUIKit" */ = {
			isa = XCConfigurationList;
			buildConfigurations = (
				1DEB922308733DC00010E9CD /* Debug */,
				1DEB922408733DC00010E9CD /* Release */,
			);
			defaultConfigurationIsVisible = 0;
			defaultConfigurationName = Release;
		};
		A6DAA6C61383E41000518CC8 /* Build configuration list for PBXNativeTarget "ColumnTableViewSampleApp" */ = {
			isa = XCConfigurationList;
			buildConfigurations = (
				A6DAA6C11383E41000518CC8 /* Debug */,
				A6DAA6C21383E41000518CC8 /* Release */,
			);
			defaultConfigurationIsVisible = 0;
			defaultConfigurationName = Release;
		};
		A6ED92BE13695A44002DCEE4 /* Build configuration list for PBXNativeTarget "CalloutViewSampleApp" */ = {
			isa = XCConfigurationList;
			buildConfigurations = (
				A6ED92BC13695A44002DCEE4 /* Debug */,
				A6ED92BD13695A44002DCEE4 /* Release */,
			);
			defaultConfigurationIsVisible = 0;
			defaultConfigurationName = Release;
		};
		A6ED92F113695BD3002DCEE4 /* Build configuration list for PBXNativeTarget "CWUIKitResources" */ = {
			isa = XCConfigurationList;
			buildConfigurations = (
				A6ED92EF13695BD3002DCEE4 /* Debug */,
				A6ED92F013695BD3002DCEE4 /* Release */,
			);
			defaultConfigurationIsVisible = 0;
			defaultConfigurationName = Release;
		};
/* End XCConfigurationList section */
	};
	rootObject = 0867D690FE84028FC02AAC07 /* Project object */;
}
